
Microsoft Visual Studio Solution File, Format Version 10.00
# Visual Studio 2008
Project("{8BC9CEB8-8B4A-11D0-8D11-00A0C91BC942}") = "libDecomp", "..\Decomp\libDecomp\libDecomp.vcproj", "{A32E1654-5A01-4660-95C6-29E4D42EBF96}"
EndProject
Project("{8BC9CEB8-8B4A-11D0-8D11-00A0C91BC942}") = "SmallIP", "SmallIP\SmallIP.vcproj", "{DCCA82BE-CC04-4BEB-9970-41CA44DD2EE4}"
	ProjectSection(ProjectDependencies) = postProject
		{DBEA3904-F0B8-408A-9E1A-6497FEBE8C42} = {DBEA3904-F0B8-408A-9E1A-6497FEBE8C42}
		{C4867F15-438D-4FF8-8388-62FBAAA9786C} = {C4867F15-438D-4FF8-8388-62FBAAA9786C}
		{4F8F7D1C-3A9E-444D-8EE9-77F33FA05994} = {4F8F7D1C-3A9E-444D-8EE9-77F33FA05994}
		{A32E1654-5A01-4660-95C6-29E4D42EBF96} = {A32E1654-5A01-4660-95C6-29E4D42EBF96}
		{363BA154-FEC9-4E1E-BC23-93CEC58AB785} = {363BA154-FEC9-4E1E-BC23-93CEC58AB785}
		{02D45875-A8CF-41B9-990B-3699C0ECFE10} = {02D45875-A8CF-41B9-990B-3699C0ECFE10}
		{A4D8DB82-7DC6-45EE-AF08-2A6DD7E7AB56} = {A4D8DB82-7DC6-45EE-AF08-2A6DD7E7AB56}
		{246A8CAC-4D2A-4D9D-9B5A-BEB99C0F2E89} = {246A8CAC-4D2A-4D9D-9B5A-BEB99C0F2E89}
		{7D98E2CB-876E-4F75-9F71-77D3FE87E149} = {7D98E2CB-876E-4F75-9F71-77D3FE87E149}
	EndProjectSection
EndProject
Project("{8BC9CEB8-8B4A-11D0-8D11-00A0C91BC942}") = "libCbc", "..\..\..\..\Cbc\MSVisualStudio\v9\libCbc\libCbc.vcproj", "{363BA154-FEC9-4E1E-BC23-93CEC58AB785}"
	ProjectSection(ProjectDependencies) = postProject
		{C4867F15-438D-4FF8-8388-62FBAAA9786C} = {C4867F15-438D-4FF8-8388-62FBAAA9786C}
		{4F8F7D1C-3A9E-444D-8EE9-77F33FA05994} = {4F8F7D1C-3A9E-444D-8EE9-77F33FA05994}
		{02D45875-A8CF-41B9-990B-3699C0ECFE10} = {02D45875-A8CF-41B9-990B-3699C0ECFE10}
	EndProjectSection
EndProject
Project("{8BC9CEB8-8B4A-11D0-8D11-00A0C91BC942}") = "libCgl", "..\..\..\..\Cgl\MSVisualStudio\v9\libCgl\libCgl.vcproj", "{DBEA3904-F0B8-408A-9E1A-6497FEBE8C42}"
EndProject
Project("{8BC9CEB8-8B4A-11D0-8D11-00A0C91BC942}") = "libCoinUtils", "..\..\..\..\CoinUtils\MSVisualStudio\v9\libCoinUtils\libCoinUtils.vcproj", "{C4867F15-438D-4FF8-8388-62FBAAA9786C}"
EndProject
Project("{8BC9CEB8-8B4A-11D0-8D11-00A0C91BC942}") = "libOsi", "..\..\..\..\Osi\MSVisualStudio\v9\libOsi\libOsi.vcproj", "{7D98E2CB-876E-4F75-9F71-77D3FE87E149}"
EndProject
Project("{8BC9CEB8-8B4A-11D0-8D11-00A0C91BC942}") = "libOsiCbc", "..\..\..\..\Osi\MSVisualStudio\v9\libOsiCbc\libOsiCbc.vcproj", "{A4D8DB82-7DC6-45EE-AF08-2A6DD7E7AB56}"
EndProject
Project("{8BC9CEB8-8B4A-11D0-8D11-00A0C91BC942}") = "libOsiClp", "..\..\..\..\Osi\MSVisualStudio\v9\libOsiClp\libOsiClp.vcproj", "{02D45875-A8CF-41B9-990B-3699C0ECFE10}"
EndProject
Project("{8BC9CEB8-8B4A-11D0-8D11-00A0C91BC942}") = "libClp", "..\..\..\..\Clp\MSVisualStudio\v9\libClp\libClp.vcproj", "{4F8F7D1C-3A9E-444D-8EE9-77F33FA05994}"
EndProject
Project("{8BC9CEB8-8B4A-11D0-8D11-00A0C91BC942}") = "ATM", "ATM\ATM.vcproj", "{909B0C84-CFD1-4641-8404-BBF6BB28FCCA}"
	ProjectSection(ProjectDependencies) = postProject
		{DBEA3904-F0B8-408A-9E1A-6497FEBE8C42} = {DBEA3904-F0B8-408A-9E1A-6497FEBE8C42}
		{C4867F15-438D-4FF8-8388-62FBAAA9786C} = {C4867F15-438D-4FF8-8388-62FBAAA9786C}
		{4F8F7D1C-3A9E-444D-8EE9-77F33FA05994} = {4F8F7D1C-3A9E-444D-8EE9-77F33FA05994}
		{A32E1654-5A01-4660-95C6-29E4D42EBF96} = {A32E1654-5A01-4660-95C6-29E4D42EBF96}
		{363BA154-FEC9-4E1E-BC23-93CEC58AB785} = {363BA154-FEC9-4E1E-BC23-93CEC58AB785}
		{02D45875-A8CF-41B9-990B-3699C0ECFE10} = {02D45875-A8CF-41B9-990B-3699C0ECFE10}
		{A4D8DB82-7DC6-45EE-AF08-2A6DD7E7AB56} = {A4D8DB82-7DC6-45EE-AF08-2A6DD7E7AB56}
		{246A8CAC-4D2A-4D9D-9B5A-BEB99C0F2E89} = {246A8CAC-4D2A-4D9D-9B5A-BEB99C0F2E89}
		{7D98E2CB-876E-4F75-9F71-77D3FE87E149} = {7D98E2CB-876E-4F75-9F71-77D3FE87E149}
	EndProjectSection
EndProject
Project("{8BC9CEB8-8B4A-11D0-8D11-00A0C91BC942}") = "Milp", "Milp\Milp.vcproj", "{031C3D7E-D09D-4DAF-BD72-49845506B4DC}"
	ProjectSection(ProjectDependencies) = postProject
		{DBEA3904-F0B8-408A-9E1A-6497FEBE8C42} = {DBEA3904-F0B8-408A-9E1A-6497FEBE8C42}
		{C4867F15-438D-4FF8-8388-62FBAAA9786C} = {C4867F15-438D-4FF8-8388-62FBAAA9786C}
		{4F8F7D1C-3A9E-444D-8EE9-77F33FA05994} = {4F8F7D1C-3A9E-444D-8EE9-77F33FA05994}
		{A32E1654-5A01-4660-95C6-29E4D42EBF96} = {A32E1654-5A01-4660-95C6-29E4D42EBF96}
		{363BA154-FEC9-4E1E-BC23-93CEC58AB785} = {363BA154-FEC9-4E1E-BC23-93CEC58AB785}
		{02D45875-A8CF-41B9-990B-3699C0ECFE10} = {02D45875-A8CF-41B9-990B-3699C0ECFE10}
		{A4D8DB82-7DC6-45EE-AF08-2A6DD7E7AB56} = {A4D8DB82-7DC6-45EE-AF08-2A6DD7E7AB56}
		{246A8CAC-4D2A-4D9D-9B5A-BEB99C0F2E89} = {246A8CAC-4D2A-4D9D-9B5A-BEB99C0F2E89}
		{7D98E2CB-876E-4F75-9F71-77D3FE87E149} = {7D98E2CB-876E-4F75-9F71-77D3FE87E149}
	EndProjectSection
EndProject
Project("{8BC9CEB8-8B4A-11D0-8D11-00A0C91BC942}") = "MilpBlock", "MilpBlock\MilpBlock.vcproj", "{07D289A2-098E-45E1-A48C-637DE0ADFAE1}"
	ProjectSection(ProjectDependencies) = postProject
		{DBEA3904-F0B8-408A-9E1A-6497FEBE8C42} = {DBEA3904-F0B8-408A-9E1A-6497FEBE8C42}
		{C4867F15-438D-4FF8-8388-62FBAAA9786C} = {C4867F15-438D-4FF8-8388-62FBAAA9786C}
		{4F8F7D1C-3A9E-444D-8EE9-77F33FA05994} = {4F8F7D1C-3A9E-444D-8EE9-77F33FA05994}
		{A32E1654-5A01-4660-95C6-29E4D42EBF96} = {A32E1654-5A01-4660-95C6-29E4D42EBF96}
		{363BA154-FEC9-4E1E-BC23-93CEC58AB785} = {363BA154-FEC9-4E1E-BC23-93CEC58AB785}
		{02D45875-A8CF-41B9-990B-3699C0ECFE10} = {02D45875-A8CF-41B9-990B-3699C0ECFE10}
		{A4D8DB82-7DC6-45EE-AF08-2A6DD7E7AB56} = {A4D8DB82-7DC6-45EE-AF08-2A6DD7E7AB56}
		{246A8CAC-4D2A-4D9D-9B5A-BEB99C0F2E89} = {246A8CAC-4D2A-4D9D-9B5A-BEB99C0F2E89}
		{7D98E2CB-876E-4F75-9F71-77D3FE87E149} = {7D98E2CB-876E-4F75-9F71-77D3FE87E149}
	EndProjectSection
EndProject
Project("{8BC9CEB8-8B4A-11D0-8D11-00A0C91BC942}") = "libAlps", "..\..\..\..\Alps\MSVisualStudio\v9\libAlps.vcproj", "{246A8CAC-4D2A-4D9D-9B5A-BEB99C0F2E89}"
EndProject
Project("{8BC9CEB8-8B4A-11D0-8D11-00A0C91BC942}") = "MCF", "MCF\MCF.vcproj", "{F201327E-2892-47F7-88BD-73FF35EF108D}"
	ProjectSection(ProjectDependencies) = postProject
		{DBEA3904-F0B8-408A-9E1A-6497FEBE8C42} = {DBEA3904-F0B8-408A-9E1A-6497FEBE8C42}
		{C4867F15-438D-4FF8-8388-62FBAAA9786C} = {C4867F15-438D-4FF8-8388-62FBAAA9786C}
		{4F8F7D1C-3A9E-444D-8EE9-77F33FA05994} = {4F8F7D1C-3A9E-444D-8EE9-77F33FA05994}
		{A32E1654-5A01-4660-95C6-29E4D42EBF96} = {A32E1654-5A01-4660-95C6-29E4D42EBF96}
		{363BA154-FEC9-4E1E-BC23-93CEC58AB785} = {363BA154-FEC9-4E1E-BC23-93CEC58AB785}
		{02D45875-A8CF-41B9-990B-3699C0ECFE10} = {02D45875-A8CF-41B9-990B-3699C0ECFE10}
		{A4D8DB82-7DC6-45EE-AF08-2A6DD7E7AB56} = {A4D8DB82-7DC6-45EE-AF08-2A6DD7E7AB56}
		{246A8CAC-4D2A-4D9D-9B5A-BEB99C0F2E89} = {246A8CAC-4D2A-4D9D-9B5A-BEB99C0F2E89}
		{7D98E2CB-876E-4F75-9F71-77D3FE87E149} = {7D98E2CB-876E-4F75-9F71-77D3FE87E149}
	EndProjectSection
EndProject
Global
	GlobalSection(SolutionConfigurationPlatforms) = preSolution
		Debug|Win32 = Debug|Win32
		Release|Win32 = Release|Win32
	EndGlobalSection
	GlobalSection(ProjectConfigurationPlatforms) = postSolution
		{A32E1654-5A01-4660-95C6-29E4D42EBF96}.Debug|Win32.ActiveCfg = Debug|Win32
		{A32E1654-5A01-4660-95C6-29E4D42EBF96}.Debug|Win32.Build.0 = Debug|Win32
		{A32E1654-5A01-4660-95C6-29E4D42EBF96}.Release|Win32.ActiveCfg = Release|Win32
		{A32E1654-5A01-4660-95C6-29E4D42EBF96}.Release|Win32.Build.0 = Release|Win32
		{DCCA82BE-CC04-4BEB-9970-41CA44DD2EE4}.Debug|Win32.ActiveCfg = Debug|Win32
		{DCCA82BE-CC04-4BEB-9970-41CA44DD2EE4}.Debug|Win32.Build.0 = Debug|Win32
		{DCCA82BE-CC04-4BEB-9970-41CA44DD2EE4}.Release|Win32.ActiveCfg = Release|Win32
		{DCCA82BE-CC04-4BEB-9970-41CA44DD2EE4}.Release|Win32.Build.0 = Release|Win32
		{363BA154-FEC9-4E1E-BC23-93CEC58AB785}.Debug|Win32.ActiveCfg = Debug|Win32
		{363BA154-FEC9-4E1E-BC23-93CEC58AB785}.Debug|Win32.Build.0 = Debug|Win32
		{363BA154-FEC9-4E1E-BC23-93CEC58AB785}.Release|Win32.ActiveCfg = Release|Win32
		{363BA154-FEC9-4E1E-BC23-93CEC58AB785}.Release|Win32.Build.0 = Release|Win32
		{DBEA3904-F0B8-408A-9E1A-6497FEBE8C42}.Debug|Win32.ActiveCfg = Debug|Win32
		{DBEA3904-F0B8-408A-9E1A-6497FEBE8C42}.Debug|Win32.Build.0 = Debug|Win32
		{DBEA3904-F0B8-408A-9E1A-6497FEBE8C42}.Release|Win32.ActiveCfg = Release|Win32
		{DBEA3904-F0B8-408A-9E1A-6497FEBE8C42}.Release|Win32.Build.0 = Release|Win32
		{C4867F15-438D-4FF8-8388-62FBAAA9786C}.Debug|Win32.ActiveCfg = Debug|Win32
		{C4867F15-438D-4FF8-8388-62FBAAA9786C}.Debug|Win32.Build.0 = Debug|Win32
		{C4867F15-438D-4FF8-8388-62FBAAA9786C}.Release|Win32.ActiveCfg = Release|Win32
		{C4867F15-438D-4FF8-8388-62FBAAA9786C}.Release|Win32.Build.0 = Release|Win32
		{7D98E2CB-876E-4F75-9F71-77D3FE87E149}.Debug|Win32.ActiveCfg = Debug|Win32
		{7D98E2CB-876E-4F75-9F71-77D3FE87E149}.Debug|Win32.Build.0 = Debug|Win32
		{7D98E2CB-876E-4F75-9F71-77D3FE87E149}.Release|Win32.ActiveCfg = Release|Win32
		{7D98E2CB-876E-4F75-9F71-77D3FE87E149}.Release|Win32.Build.0 = Release|Win32
		{A4D8DB82-7DC6-45EE-AF08-2A6DD7E7AB56}.Debug|Win32.ActiveCfg = Debug|Win32
		{A4D8DB82-7DC6-45EE-AF08-2A6DD7E7AB56}.Debug|Win32.Build.0 = Debug|Win32
		{A4D8DB82-7DC6-45EE-AF08-2A6DD7E7AB56}.Release|Win32.ActiveCfg = Release|Win32
		{A4D8DB82-7DC6-45EE-AF08-2A6DD7E7AB56}.Release|Win32.Build.0 = Release|Win32
		{02D45875-A8CF-41B9-990B-3699C0ECFE10}.Debug|Win32.ActiveCfg = Debug|Win32
		{02D45875-A8CF-41B9-990B-3699C0ECFE10}.Debug|Win32.Build.0 = Debug|Win32
		{02D45875-A8CF-41B9-990B-3699C0ECFE10}.Release|Win32.ActiveCfg = Release|Win32
		{02D45875-A8CF-41B9-990B-3699C0ECFE10}.Release|Win32.Build.0 = Release|Win32
		{4F8F7D1C-3A9E-444D-8EE9-77F33FA05994}.Debug|Win32.ActiveCfg = Debug|Win32
		{4F8F7D1C-3A9E-444D-8EE9-77F33FA05994}.Debug|Win32.Build.0 = Debug|Win32
		{4F8F7D1C-3A9E-444D-8EE9-77F33FA05994}.Release|Win32.ActiveCfg = Release|Win32
		{4F8F7D1C-3A9E-444D-8EE9-77F33FA05994}.Release|Win32.Build.0 = Release|Win32
		{909B0C84-CFD1-4641-8404-BBF6BB28FCCA}.Debug|Win32.ActiveCfg = Debug|Win32
		{909B0C84-CFD1-4641-8404-BBF6BB28FCCA}.Debug|Win32.Build.0 = Debug|Win32
		{909B0C84-CFD1-4641-8404-BBF6BB28FCCA}.Release|Win32.ActiveCfg = Release|Win32
		{909B0C84-CFD1-4641-8404-BBF6BB28FCCA}.Release|Win32.Build.0 = Release|Win32
		{031C3D7E-D09D-4DAF-BD72-49845506B4DC}.Debug|Win32.ActiveCfg = Debug|Win32
		{031C3D7E-D09D-4DAF-BD72-49845506B4DC}.Debug|Win32.Build.0 = Debug|Win32
		{031C3D7E-D09D-4DAF-BD72-49845506B4DC}.Release|Win32.ActiveCfg = Release|Win32
		{031C3D7E-D09D-4DAF-BD72-49845506B4DC}.Release|Win32.Build.0 = Release|Win32
		{07D289A2-098E-45E1-A48C-637DE0ADFAE1}.Debug|Win32.ActiveCfg = Debug|Win32
		{07D289A2-098E-45E1-A48C-637DE0ADFAE1}.Debug|Win32.Build.0 = Debug|Win32
		{07D289A2-098E-45E1-A48C-637DE0ADFAE1}.Release|Win32.ActiveCfg = Release|Win32
		{07D289A2-098E-45E1-A48C-637DE0ADFAE1}.Release|Win32.Build.0 = Release|Win32
		{246A8CAC-4D2A-4D9D-9B5A-BEB99C0F2E89}.Debug|Win32.ActiveCfg = Debug|Win32
		{246A8CAC-4D2A-4D9D-9B5A-BEB99C0F2E89}.Debug|Win32.Build.0 = Debug|Win32
		{246A8CAC-4D2A-4D9D-9B5A-BEB99C0F2E89}.Release|Win32.ActiveCfg = Release|Win32
		{246A8CAC-4D2A-4D9D-9B5A-BEB99C0F2E89}.Release|Win32.Build.0 = Release|Win32
		{F201327E-2892-47F7-88BD-73FF35EF108D}.Debug|Win32.ActiveCfg = Debug|Win32
		{F201327E-2892-47F7-88BD-73FF35EF108D}.Debug|Win32.Build.0 = Debug|Win32
		{F201327E-2892-47F7-88BD-73FF35EF108D}.Release|Win32.ActiveCfg = Release|Win32
		{F201327E-2892-47F7-88BD-73FF35EF108D}.Release|Win32.Build.0 = Release|Win32
	EndGlobalSection
	GlobalSection(SolutionProperties) = preSolution
		HideSolutionNode = FALSE
	EndGlobalSection
EndGlobal
